// !$*UTF8*$!
{
	archiveVersion = 1;
	classes = {
	};
	objectVersion = 46;
	objects = {

/* Begin PBXBuildFile section */
		A8FE98C71F45DE8200A29F1E /* AppDelegate.swift in Sources */ = {isa = PBXBuildFile; fileRef = A8FE98C61F45DE8200A29F1E /* AppDelegate.swift */; };
		A8FE98C91F45DE8200A29F1E /* ViewController.swift in Sources */ = {isa = PBXBuildFile; fileRef = A8FE98C81F45DE8200A29F1E /* ViewController.swift */; };
		A8FE98CC1F45DE8200A29F1E /* Main.storyboard in Resources */ = {isa = PBXBuildFile; fileRef = A8FE98CA1F45DE8200A29F1E /* Main.storyboard */; };
		A8FE98CE1F45DE8200A29F1E /* Assets.xcassets in Resources */ = {isa = PBXBuildFile; fileRef = A8FE98CD1F45DE8200A29F1E /* Assets.xcassets */; };
		A8FE98D11F45DE8200A29F1E /* LaunchScreen.storyboard in Resources */ = {isa = PBXBuildFile; fileRef = A8FE98CF1F45DE8200A29F1E /* LaunchScreen.storyboard */; };
/* End PBXBuildFile section */

/* Begin PBXFileReference section */
		A8FE98C31F45DE8200A29F1E /* Vacations App.app */ = {isa = PBXFileReference; explicitFileType = wrapper.application; includeInIndex = 0; path = "Vacations App.app"; sourceTree = BUILT_PRODUCTS_DIR; };
		A8FE98C61F45DE8200A29F1E /* AppDelegate.swift */ = {isa = PBXFileReference; lastKnownFileType = sourcecode.swift; path = AppDelegate.swift; sourceTree = "<group>"; };
		A8FE98C81F45DE8200A29F1E /* ViewController.swift */ = {isa = PBXFileReference; lastKnownFileType = sourcecode.swift; path = ViewController.swift; sourceTree = "<group>"; };
		A8FE98CB1F45DE8200A29F1E /* Base */ = {isa = PBXFileReference; lastKnownFileType = file.storyboard; name = Base; path = Base.lproj/Main.storyboard; sourceTree = "<group>"; };
		A8FE98CD1F45DE8200A29F1E /* Assets.xcassets */ = {isa = PBXFileReference; lastKnownFileType = folder.assetcatalog; path = Assets.xcassets; sourceTree = "<group>"; };
		A8FE98D01F45DE8200A29F1E /* Base */ = {isa = PBXFileReference; lastKnownFileType = file.storyboard; name = Base; path = Base.lproj/LaunchScreen.storyboard; sourceTree = "<group>"; };
		A8FE98D21F45DE8200A29F1E /* Info.plist */ = {isa = PBXFileReference; lastKnownFileType = text.plist.xml; path = Info.plist; sourceTree = "<group>"; };
/* End PBXFileReference section */

/* Begin PBXFrameworksBuildPhase section */
		A8FE98C01F45DE8200A29F1E /* Frameworks */ = {
			isa = PBXFrameworksBuildPhase;
			buildActionMask = 2147483647;
			files = (
			);
			runOnlyForDeploymentPostprocessing = 0;
		};
/* End PBXFrameworksBuildPhase section */

/* Begin PBXGroup section */
		A8FE98BA1F45DE8200A29F1E = {
			isa = PBXGroup;
			children = (
				A8FE98C51F45DE8200A29F1E /* Vacations App */,
				A8FE98C41F45DE8200A29F1E /* Products */,
			);
			sourceTree = "<group>";
		};
		A8FE98C41F45DE8200A29F1E /* Products */ = {
			isa = PBXGroup;
			children = (
				A8FE98C31F45DE8200A29F1E /* Vacations App.app */,
			);
			name = Products;
			sourceTree = "<group>";
		};
		A8FE98C51F45DE8200A29F1E /* Vacations App */ = {
			isa = PBXGroup;
			children = (
				A8FE98C61F45DE8200A29F1E /* AppDelegate.swift */,
				A8FE98C81F45DE8200A29F1E /* ViewController.swift */,
				A8FE98CA1F45DE8200A29F1E /* Main.storyboard */,
				A8FE98CD1F45DE8200A29F1E /* Assets.xcassets */,
				A8FE98CF1F45DE8200A29F1E /* LaunchScreen.storyboard */,
				A8FE98D21F45DE8200A29F1E /* Info.plist */,
			);
			path = "Vacations App";
			sourceTree = "<group>";
		};
/* End PBXGroup section */

/* Begin PBXNativeTarget section */
		A8FE98C21F45DE8200A29F1E /* Vacations App */ = {
			isa = PBXNativeTarget;
			buildConfigurationList = A8FE98D51F45DE8200A29F1E /* Build configuration list for PBXNativeTarget "Vacations App" */;
			buildPhases = (
				A8FE98BF1F45DE8200A29F1E /* Sources */,
				A8FE98C01F45DE8200A29F1E /* Frameworks */,
				A8FE98C11F45DE8200A29F1E /* Resources */,
			);
			buildRules = (
			);
			dependencies = (
			);
			name = "Vacations App";
			productName = "Vacations App";
			productReference = A8FE98C31F45DE8200A29F1E /* Vacations App.app */;
			productType = "com.apple.product-type.application";
		};
/* End PBXNativeTarget section */

/* Begin PBXProject section */
		A8FE98BB1F45DE8200A29F1E /* Project object */ = {
			isa = PBXProject;
			attributes = {
				LastSwiftUpdateCheck = 0820;
				LastUpgradeCheck = 0820;
				ORGANIZATIONNAME = elaheh;
				TargetAttributes = {
					A8FE98C21F45DE8200A29F1E = {
						CreatedOnToolsVersion = 8.2.1;
						ProvisioningStyle = Automatic;
					};
				};
			};
			buildConfigurationList = A8FE98BE1F45DE8200A29F1E /* Build configuration list for PBXProject "Vacations App" */;
			compatibilityVersion = "Xcode 3.2";
			developmentRegion = English;
			hasScannedForEncodings = 0;
			knownRegions = (
				en,
				Base,
			);
			mainGroup = A8FE98BA1F45DE8200A29F1E;
			productRefGroup = A8FE98C41F45DE8200A29F1E /* Products */;
			projectDirPath = "";
			projectRoot = "";
			targets = (
				A8FE98C21F45DE8200A29F1E /* Vacations App */,
			);
		};
/* End PBXProject section */

/* Begin PBXResourcesBuildPhase section */
		A8FE98C11F45DE8200A29F1E /* Resources */ = {
			isa = PBXResourcesBuildPhase;
			buildActionMask = 2147483647;
			files = (
				A8FE98D11F45DE8200A29F1E /* LaunchScreen.storyboard in Resources */,
				A8FE98CE1F45DE8200A29F1E /* Assets.xcassets in Resources */,
				A8FE98CC1F45DE8200A29F1E /* Main.storyboard in Resources */,
			);
			runOnlyForDeploymentPostprocessing = 0;
		};
/* End PBXResourcesBuildPhase section */

/* Begin PBXSourcesBuildPhase section */
		A8FE98BF1F45DE8200A29F1E /* Sources */ = {
			isa = PBXSourcesBuildPhase;
			buildActionMask = 2147483647;
			files = (
				A8FE98C91F45DE8200A29F1E /* ViewController.swift in Sources */,
				A8FE98C71F45DE8200A29F1E /* AppDelegate.swift in Sources */,
			);
			runOnlyForDeploymentPostprocessing = 0;
		};
/* End PBXSourcesBuildPhase section */

/* Begin PBXVariantGroup section */
		A8FE98CA1F45DE8200A29F1E /* Main.storyboard */ = {
			isa = PBXVariantGroup;
			children = (
				A8FE98CB1F45DE8200A29F1E /* Base */,
			);
			name = Main.storyboard;
			sourceTree = "<group>";
		};
		A8FE98CF1F45DE8200A29F1E /* LaunchScreen.storyboard */ = {
			isa = PBXVariantGroup;
			children = (
				A8FE98D01F45DE8200A29F1E /* Base */,
			);
			name = LaunchScreen.storyboard;
			sourceTree = "<group>";
		};
/* End PBXVariantGroup section */

/* Begin XCBuildConfiguration section */
		A8FE98D31F45DE8200A29F1E /* Debug */ = {
			isa = XCBuildConfiguration;
			buildSettings = {
				ALWAYS_SEARCH_USER_PATHS = NO;
				CLANG_ANALYZER_NONNULL = YES;
				CLANG_CXX_LANGUAGE_STANDARD = "gnu++0x";
				CLANG_CXX_LIBRARY = "libc++";
				CLANG_ENABLE_MODULES = YES;
				CLANG_ENABLE_OBJC_ARC = YES;
				CLANG_WARN_BOOL_CONVERSION = YES;
				CLANG_WARN_CONSTANT_CONVERSION = YES;
				CLANG_WARN_DIRECT_OBJC_ISA_USAGE = YES_ERROR;
				CLANG_WARN_DOCUMENTATION_COMMENTS = YES;
				CLANG_WARN_EMPTY_BODY = YES;
				CLANG_WARN_ENUM_CONVERSION = YES;
				CLANG_WARN_INFINITE_RECURSION = YES;
				CLANG_WARN_INT_CONVERSION = YES;
				CLANG_WARN_OBJC_ROOT_CLASS = YES_ERROR;
				CLANG_WARN_SUSPICIOUS_MOVE = YES;
				CLANG_WARN_UNREACHABLE_CODE = YES;
				CLANG_WARN__DUPLICATE_METHOD_MATCH = YES;
				"CODE_SIGN_IDENTITY[sdk=iphoneos*]" = "iPhone Developer";
				COPY_PHASE_STRIP = NO;
				DEBUG_INFORMATION_FORMAT = dwarf;
				ENABLE_STRICT_OBJC_MSGSEND = YES;
				ENABLE_TESTABILITY = YES;
				GCC_C_LANGUAGE_STANDARD = gnu99;
				GCC_DYNAMIC_NO_PIC = NO;
				GCC_NO_COMMON_BLOCKS = YES;
				GCC_OPTIMIZATION_LEVEL = 0;
				GCC_PREPROCESSOR_DEFINITIONS = (
					"DEBUG=1",
					"$(inherited)",
				);
				GCC_WARN_64_TO_32_BIT_CONVERSION = YES;
				GCC_WARN_ABOUT_RETURN_TYPE = YES_ERROR;
				GCC_WARN_UNDECLARED_SELECTOR = YES;
				GCC_WARN_UNINITIALIZED_AUTOS = YES_AGGRESSIVE;
				GCC_WARN_UNUSED_FUNCTION = YES;
				GCC_WARN_UNUSED_VARIABLE = YES;
				IPHONEOS_DEPLOYMENT_TARGET = 10.2;
				MTL_ENABLE_DEBUG_INFO = YES;
				ONLY_ACTIVE_ARCH = YES;
				SDKROOT = iphoneos;
				SWIFT_ACTIVE_COMPILATION_CONDITIONS = DEBUG;
				SWIFT_OPTIMIZATION_LEVEL = "-Onone";
				TARGETED_DEVICE_FAMILY = "1,2";
			};
			name = Debug;
		};
		A8FE98D41F45DE8200A29F1E /* Release */ = {
			isa = XCBuildConfiguration;
			buildSettings = {
				ALWAYS_SEARCH_USER_PATHS = NO;
				CLANG_ANALYZER_NONNULL = YES;
				CLANG_CXX_LANGUAGE_STANDARD = "gnu++0x";
				CLANG_CXX_LIBRARY = "libc++";
				CLANG_ENABLE_MODULES = YES;
				CLANG_ENABLE_OBJC_ARC = YES;
				CLANG_WARN_BOOL_CONVERSION = YES;
				CLANG_WARN_CONSTANT_CONVERSION = YES;
				CLANG_WARN_DIRECT_OBJC_ISA_USAGE = YES_ERROR;
				CLANG_WARN_DOCUMENTATION_COMMENTS = YES;
				CLANG_WARN_EMPTY_BODY = YES;
				CLANG_WARN_ENUM_CONVERSION = YES;
				CLANG_WARN_INFINITE_RECURSION = YES;
				CLANG_WARN_INT_CONVERSION = YES;
				CLANG_WARN_OBJC_ROOT_CLASS = YES_ERROR;
				CLANG_WARN_SUSPICIOUS_MOVE = YES;
				CLANG_WARN_UNREACHABLE_CODE = YES;
				CLANG_WARN__DUPLICATE_METHOD_MATCH = YES;
				"CODE_SIGN_IDENTITY[sdk=iphoneos*]" = "iPhone Developer";
				COPY_PHASE_STRIP = NO;
				DEBUG_INFORMATION_FORMAT = "dwarf-with-dsym";
				ENABLE_NS_ASSERTIONS = NO;
				ENABLE_STRICT_OBJC_MSGSEND = YES;
				GCC_C_LANGUAGE_STANDARD = gnu99;
				GCC_NO_COMMON_BLOCKS = YES;
				GCC_WARN_64_TO_32_BIT_CONVERSION = YES;
				GCC_WARN_ABOUT_RETURN_TYPE = YES_ERROR;
				GCC_WARN_UNDECLARED_SELECTOR = YES;
				GCC_WARN_UNINITIALIZED_AUTOS = YES_AGGRESSIVE;
				GCC_WARN_UNUSED_FUNCTION = YES;
				GCC_WARN_UNUSED_VARIABLE = YES;
				IPHONEOS_DEPLOYMENT_TARGET = 10.2;
				MTL_ENABLE_DEBUG_INFO = NO;
				SDKROOT = iphoneos;
				SWIFT_OPTIMIZATION_LEVEL = "-Owholemodule";
				TARGETED_DEVICE_FAMILY = "1,2";
				VALIDATE_PRODUCT = YES;
			};
			name = Release;
		};
		A8FE98D61F45DE8200A29F1E /* Debug */ = {
			isa = XCBuildConfiguration;
			buildSettings = {
				ASSETCATALOG_COMPILER_APPICON_NAME = AppIcon;
				INFOPLIST_FILE = "Vacations App/Info.plist";
				LD_RUNPATH_SEARCH_PATHS = "$(inherited) @executable_path/Frameworks";
				PRODUCT_BUNDLE_IDENTIFIER = "com.elahe.Vacations-App";
				PRODUCT_NAME = "$(TARGET_NAME)";
				SWIFT_VERSION = 3.0;
			};
			name = Debug;
		};
		A8FE98D71F45DE8200A29F1E /* Release */ = {
			isa = XCBuildConfiguration;
			buildSettings = {
				ASSETCATALOG_COMPILER_APPICON_NAME = AppIcon;
				INFOPLIST_FILE = "Vacations App/Info.plist";
				LD_RUNPATH_SEARCH_PATHS = "$(inherited) @executable_path/Frameworks";
				PRODUCT_BUNDLE_IDENTIFIER = "com.elahe.Vacations-App";
				PRODUCT_NAME = "$(TARGET_NAME)";
				SWIFT_VERSION = 3.0;
			};
			name = Release;
		};
/* End XCBuildConfiguration section */

/* Begin XCConfigurationList section */
		A8FE98BE1F45DE8200A29F1E /* Build configuration list for PBXProject "Vacations App" */ = {
			isa = XCConfigurationList;
			buildConfigurations = (
				A8FE98D31F45DE8200A29F1E /* Debug */,
				A8FE98D41F45DE8200A29F1E /* Release */,
			);
			defaultConfigurationIsVisible = 0;
			defaultConfigurationName = Release;
		};
		A8FE98D51F45DE8200A29F1E /* Build configuration list for PBXNativeTarget "Vacations App" */ = {
			isa = XCConfigurationList;
			buildConfigurations = (
				A8FE98D61F45DE8200A29F1E /* Debug */,
				A8FE98D71F45DE8200A29F1E /* Release */,
			);
			defaultConfigurationIsVisible = 0;
		};
/* End XCConfigurationList section */
	};
	rootObject = A8FE98BB1F45DE8200A29F1E /* Project object */;
}
